%{"bang": {:hex, :bang, "0.1.1", "22442afb308641aa0595111fbd21443f83a253d01b24cabfed7c8bb39feab691", [:mix], []},
  "chexes": {:git, "https://github.com/ikeikeikeike/chexes.git", "ce4e5f1d182a245ea1600b57438f21196b79ac84", []},
  "combine": {:hex, :combine, "0.9.6", "8d1034a127d4cbf6924c8a5010d3534d958085575fa4d9b878f200d79ac78335", [:mix], []},
  "con_cache": {:hex, :con_cache, "0.11.1", "acbe5a1d10c47faba30d9629c9121e1ef9bca0aa5eddbb86f4e777bd9f9f9b6f", [:mix], [{:exactor, "~> 2.2.0", [hex: :exactor, optional: false]}]},
  "decimal": {:hex, :decimal, "1.3.1", "157b3cedb2bfcb5359372a7766dd7a41091ad34578296e951f58a946fcab49c6", [:mix], []},
  "ecto": {:hex, :ecto, "2.1.3", "ffb24e150b519a4c0e4c84f9eabc8587199389bc499195d5d1a93cd3b2d9a045", [:mix], [{:db_connection, "~> 1.1", [hex: :db_connection, optional: true]}, {:decimal, "~> 1.2", [hex: :decimal, optional: false]}, {:mariaex, "~> 0.8.0", [hex: :mariaex, optional: true]}, {:poison, "~> 2.2 or ~> 3.0", [hex: :poison, optional: true]}, {:poolboy, "~> 1.5", [hex: :poolboy, optional: false]}, {:postgrex, "~> 0.13.0", [hex: :postgrex, optional: true]}, {:sbroker, "~> 1.0", [hex: :sbroker, optional: true]}]},
  "exactor": {:hex, :exactor, "2.2.3", "a6972f43bb6160afeb73e1d8ab45ba604cd0ac8b5244c557093f6e92ce582786", [:mix], []},
  "gettext": {:hex, :gettext, "0.13.0", "daafbddc5cda12738bb93b01d84105fe75b916a302f1c50ab9fb066b95ec9db4", [:mix], []},
  "hackney": {:hex, :hackney, "1.6.4", "6363480405ae4b1d03d6233f32792f0c3cf765396cfdb7e1d07cab3d3e41c53c", [:rebar3], []},
  "httpoison": {:hex, :httpoison, "0.8.3", "b675a3fdc839a0b8d7a285c6b3747d6d596ae70b6ccb762233a990d7289ccae4", [:mix], [{:hackney, "~> 1.6.0", [hex: :hackney, optional: false]}]},
  "idna": {:hex, :idna, "2.0.0", "13dc2c407f16ff24648af98f529cec5b957e2fafa849df11d52d82e11529c4c1", [:rebar3], []},
  "mime": {:hex, :mime, "1.0.1", "05c393850524767d13a53627df71beeebb016205eb43bfbd92d14d24ec7a1b51", [:mix], []},
  "oceanex": {:hex, :oceanex, "0.2.3", "3825c272a2171f5b7c2ad46aaa74fed396c68bb4b093db8f0305745e8632f113", [:mix], [{:bang, "~> 0.1.0", [hex: :bang, optional: false]}, {:httpoison, "~> 0.8.3", [hex: :httpoison, optional: false]}, {:poison, "~> 2.0", [hex: :poison, optional: false]}]},
  "phoenix_html_simplified_helpers": {:hex, :phoenix_html_simplified_helpers, "1.0.1", "53eb5fecfee67e65231d4aa5698978744aec362548a0ad21308e7118315d53ba", [:mix], [{:ecto, "~> 2.1", [hex: :ecto, optional: false]}, {:gettext, "~> 0.11", [hex: :gettext, optional: false]}, {:timex, "~> 3.1", [hex: :timex, optional: false]}, {:timex_ecto, "~> 3.1", [hex: :timex_ecto, optional: false]}]},
  "plug": {:hex, :plug, "1.3.0", "6e2b01afc5db3fd011ca4a16efd9cb424528c157c30a44a0186bcc92c7b2e8f3", [:mix], [{:cowboy, "~> 1.0.1 or ~> 1.1", [hex: :cowboy, optional: true]}, {:mime, "~> 1.0", [hex: :mime, optional: false]}]},
  "poison": {:hex, :poison, "2.2.0", "4763b69a8a77bd77d26f477d196428b741261a761257ff1cf92753a0d4d24a63", [:mix], []},
  "poolboy": {:hex, :poolboy, "1.5.1", "6b46163901cfd0a1b43d692657ed9d7e599853b3b21b95ae5ae0a777cf9b6ca8", [:rebar], []},
  "public_suffix": {:hex, :public_suffix, "0.5.0", "292f3b89f59e7e01eb0af721c39f4e7a663eeaf2e93c7bcb46fcf7e13ef2d0e5", [:mix], [{:idna, ">= 1.2.0 and < 3.0.0", [hex: :idna, optional: false]}]},
  "timex": {:hex, :timex, "3.1.8", "a32f636c4260dd7515a3767be3d3a163dc09d15f0e9e689254b7bab152b29209", [:mix], [{:combine, "~> 0.7", [hex: :combine, optional: false]}, {:gettext, "~> 0.10", [hex: :gettext, optional: false]}, {:tzdata, "~> 0.1.8 or ~> 0.5", [hex: :tzdata, optional: false]}]},
  "timex_ecto": {:hex, :timex_ecto, "3.1.1", "37d54f6879d96a6789bb497296531cfb853631de78e152969d95cff03c1368dd", [:mix], [{:ecto, "~> 2.1.0", [hex: :ecto, optional: false]}, {:timex, "~> 3.0", [hex: :timex, optional: false]}]},
  "tzdata": {:hex, :tzdata, "0.5.10", "087e8dfe8c0283473115ad8ca6974b898ecb55ca5c725427a142a79593391e90", [:mix], [{:hackney, "~> 1.0", [hex: :hackney, optional: false]}]}}
